
Microsoft Visual Studio Solution File, Format Version 12.00
# Visual Studio 15
VisualStudioVersion = 15.0.27428.2037
MinimumVisualStudioVersion = 10.0.40219.1
Project("{FAE04EC0-301F-11D3-BF4B-00C04F79EFBC}") = "spaceGame2", "spaceGame2\spaceGame2.csproj", "{EEB665A9-656A-4432-809F-981D54329BDE}"
EndProject
Project("{FAE04EC0-301F-11D3-BF4B-00C04F79EFBC}") = "Engine", "Engine\Engine.csproj", "{5FEB5155-FC3F-466D-AF6E-6EA31EEB23CE}"
EndProject
Global
	GlobalSection(SolutionConfigurationPlatforms) = preSolution
		Debug|Any CPU = Debug|Any CPU
		Release|Any CPU = Release|Any CPU
	EndGlobalSection
	GlobalSection(ProjectConfigurationPlatforms) = postSolution
		{EEB665A9-656A-4432-809F-981D54329BDE}.Debug|Any CPU.ActiveCfg = Debug|Any CPU
		{EEB665A9-656A-4432-809F-981D54329BDE}.Debug|Any CPU.Build.0 = Debug|Any CPU
		{EEB665A9-656A-4432-809F-981D54329BDE}.Release|Any CPU.ActiveCfg = Release|Any CPU
		{EEB665A9-656A-4432-809F-981D54329BDE}.Release|Any CPU.Build.0 = Release|Any CPU
		{5FEB5155-FC3F-466D-AF6E-6EA31EEB23CE}.Debug|Any CPU.ActiveCfg = Debug|Any CPU
		{5FEB5155-FC3F-466D-AF6E-6EA31EEB23CE}.Debug|Any CPU.Build.0 = Debug|Any CPU
		{5FEB5155-FC3F-466D-AF6E-6EA31EEB23CE}.Release|Any CPU.ActiveCfg = Release|Any CPU
		{5FEB5155-FC3F-466D-AF6E-6EA31EEB23CE}.Release|Any CPU.Build.0 = Release|Any CPU
	EndGlobalSection
	GlobalSection(SolutionProperties) = preSolution
		HideSolutionNode = FALSE
	EndGlobalSection
	GlobalSection(ExtensibilityGlobals) = postSolution
		SolutionGuid = {63D162B2-A0C6-4F75-A0DF-BCAE5D1A199A}
	EndGlobalSection
EndGlobal
